
Microsoft Visual Studio Solution File, Format Version 12.00
# Visual Studio Version 17
VisualStudioVersion = 17.6.33723.286
MinimumVisualStudioVersion = 10.0.40219.1
Project("{F184B08F-C81C-45F6-A57F-5ABD9991F28F}") = "ForNext", "ForNext.vbproj", "{00DA86AE-928C-4ACC-8BE2-380AD723963B}"
EndProject
Project("{F184B08F-C81C-45F6-A57F-5ABD9991F28F}") = "Turing Back", "..\..\Turing-Back\Turing Back\Turing Back.vbproj", "{EF54682A-5519-4F85-AF7B-B7F9E4A5C7E1}"
EndProject
Global
	GlobalSection(SolutionConfigurationPlatforms) = preSolution
		Debug|Any CPU = Debug|Any CPU
		Release|Any CPU = Release|Any CPU
	EndGlobalSection
	GlobalSection(ProjectConfigurationPlatforms) = postSolution
		{00DA86AE-928C-4ACC-8BE2-380AD723963B}.Debug|Any CPU.ActiveCfg = Debug|Any CPU
		{00DA86AE-928C-4ACC-8BE2-380AD723963B}.Debug|Any CPU.Build.0 = Debug|Any CPU
		{00DA86AE-928C-4ACC-8BE2-380AD723963B}.Release|Any CPU.ActiveCfg = Release|Any CPU
		{00DA86AE-928C-4ACC-8BE2-380AD723963B}.Release|Any CPU.Build.0 = Release|Any CPU
		{EF54682A-5519-4F85-AF7B-B7F9E4A5C7E1}.Debug|Any CPU.ActiveCfg = Debug|Any CPU
		{EF54682A-5519-4F85-AF7B-B7F9E4A5C7E1}.Debug|Any CPU.Build.0 = Debug|Any CPU
		{EF54682A-5519-4F85-AF7B-B7F9E4A5C7E1}.Release|Any CPU.ActiveCfg = Release|Any CPU
		{EF54682A-5519-4F85-AF7B-B7F9E4A5C7E1}.Release|Any CPU.Build.0 = Release|Any CPU
	EndGlobalSection
	GlobalSection(SolutionProperties) = preSolution
		HideSolutionNode = FALSE
	EndGlobalSection
	GlobalSection(ExtensibilityGlobals) = postSolution
		SolutionGuid = {44A105EA-37FB-457E-8866-85FD4C5211C0}
	EndGlobalSection
EndGlobal
