
Microsoft Visual Studio Solution File, Format Version 12.00
# Visual Studio Version 17
VisualStudioVersion = 17.6.33723.286
MinimumVisualStudioVersion = 10.0.40219.1
Project("{F184B08F-C81C-45F6-A57F-5ABD9991F28F}") = "InputsForm", "InputsForm.vbproj", "{0AD7B18E-DB25-4E47-93EE-01C14D046080}"
EndProject
Global
	GlobalSection(SolutionConfigurationPlatforms) = preSolution
		Debug|Any CPU = Debug|Any CPU
		Release|Any CPU = Release|Any CPU
	EndGlobalSection
	GlobalSection(ProjectConfigurationPlatforms) = postSolution
		{0AD7B18E-DB25-4E47-93EE-01C14D046080}.Debug|Any CPU.ActiveCfg = Debug|Any CPU
		{0AD7B18E-DB25-4E47-93EE-01C14D046080}.Debug|Any CPU.Build.0 = Debug|Any CPU
		{0AD7B18E-DB25-4E47-93EE-01C14D046080}.Release|Any CPU.ActiveCfg = Release|Any CPU
		{0AD7B18E-DB25-4E47-93EE-01C14D046080}.Release|Any CPU.Build.0 = Release|Any CPU
	EndGlobalSection
	GlobalSection(SolutionProperties) = preSolution
		HideSolutionNode = FALSE
	EndGlobalSection
	GlobalSection(ExtensibilityGlobals) = postSolution
		SolutionGuid = {3789C933-1391-4B6A-B29E-E0C573751AF5}
	EndGlobalSection
EndGlobal
