
Microsoft Visual Studio Solution File, Format Version 12.00
# Visual Studio Version 17
VisualStudioVersion = 17.6.33723.286
MinimumVisualStudioVersion = 10.0.40219.1
Project("{F184B08F-C81C-45F6-A57F-5ABD9991F28F}") = "LinearSearch", "LinearSearch.vbproj", "{2ED8315A-F3D4-49B0-AE4D-B573755B33CE}"
EndProject
Global
	GlobalSection(SolutionConfigurationPlatforms) = preSolution
		Debug|Any CPU = Debug|Any CPU
		Release|Any CPU = Release|Any CPU
	EndGlobalSection
	GlobalSection(ProjectConfigurationPlatforms) = postSolution
		{2ED8315A-F3D4-49B0-AE4D-B573755B33CE}.Debug|Any CPU.ActiveCfg = Debug|Any CPU
		{2ED8315A-F3D4-49B0-AE4D-B573755B33CE}.Debug|Any CPU.Build.0 = Debug|Any CPU
		{2ED8315A-F3D4-49B0-AE4D-B573755B33CE}.Release|Any CPU.ActiveCfg = Release|Any CPU
		{2ED8315A-F3D4-49B0-AE4D-B573755B33CE}.Release|Any CPU.Build.0 = Release|Any CPU
	EndGlobalSection
	GlobalSection(SolutionProperties) = preSolution
		HideSolutionNode = FALSE
	EndGlobalSection
	GlobalSection(ExtensibilityGlobals) = postSolution
		SolutionGuid = {D479AF90-B766-457B-BCE8-0EA2B20AF4D7}
	EndGlobalSection
EndGlobal
